
Microsoft Visual Studio Solution File, Format Version 12.00
# Visual Studio Version 17
VisualStudioVersion = 17.4.33122.133
MinimumVisualStudioVersion = 10.0.40219.1
Project("{888888A0-9F3D-457C-B088-3A5042F75D52}") = "AOC_2", "AOC_2.pyproj", "{D0B75F6A-ED39-4350-A1F1-03FB9878A8A2}"
EndProject
Global
	GlobalSection(SolutionConfigurationPlatforms) = preSolution
		Debug|Any CPU = Debug|Any CPU
		Release|Any CPU = Release|Any CPU
	EndGlobalSection
	GlobalSection(ProjectConfigurationPlatforms) = postSolution
		{D0B75F6A-ED39-4350-A1F1-03FB9878A8A2}.Debug|Any CPU.ActiveCfg = Debug|Any CPU
		{D0B75F6A-ED39-4350-A1F1-03FB9878A8A2}.Release|Any CPU.ActiveCfg = Release|Any CPU
	EndGlobalSection
	GlobalSection(SolutionProperties) = preSolution
		HideSolutionNode = FALSE
	EndGlobalSection
	GlobalSection(ExtensibilityGlobals) = postSolution
		SolutionGuid = {02BB5B13-0153-4011-A462-591B392C2054}
	EndGlobalSection
EndGlobal
