
Microsoft Visual Studio Solution File, Format Version 12.00
# Visual Studio Version 17
VisualStudioVersion = 17.4.33122.133
MinimumVisualStudioVersion = 10.0.40219.1
Project("{888888A0-9F3D-457C-B088-3A5042F75D52}") = "AOC_5", "AOC_5.pyproj", "{ECD58C89-A637-498E-9643-A32D1AF94CD4}"
EndProject
Global
	GlobalSection(SolutionConfigurationPlatforms) = preSolution
		Debug|Any CPU = Debug|Any CPU
		Release|Any CPU = Release|Any CPU
	EndGlobalSection
	GlobalSection(ProjectConfigurationPlatforms) = postSolution
		{ECD58C89-A637-498E-9643-A32D1AF94CD4}.Debug|Any CPU.ActiveCfg = Debug|Any CPU
		{ECD58C89-A637-498E-9643-A32D1AF94CD4}.Release|Any CPU.ActiveCfg = Release|Any CPU
	EndGlobalSection
	GlobalSection(SolutionProperties) = preSolution
		HideSolutionNode = FALSE
	EndGlobalSection
	GlobalSection(ExtensibilityGlobals) = postSolution
		SolutionGuid = {BB933A2F-1FD8-40DD-88AE-126DEB9A6D4E}
	EndGlobalSection
EndGlobal
